
Microsoft Visual Studio Solution File, Format Version 12.00
# Visual Studio Version 17
VisualStudioVersion = 17.0.32112.339
MinimumVisualStudioVersion = 10.0.40219.1
Project("{8BC9CEB8-8B4A-11D0-8D11-00A0C91BC942}") = "力扣刷题top100", "力扣刷题top100\力扣刷题top100.vcxproj", "{D14B0291-CC63-4048-909E-75D9F53242BC}"
EndProject
Global
	GlobalSection(SolutionConfigurationPlatforms) = preSolution
		Debug|x64 = Debug|x64
		Debug|x86 = Debug|x86
		Release|x64 = Release|x64
		Release|x86 = Release|x86
	EndGlobalSection
	GlobalSection(ProjectConfigurationPlatforms) = postSolution
		{D14B0291-CC63-4048-909E-75D9F53242BC}.Debug|x64.ActiveCfg = Debug|x64
		{D14B0291-CC63-4048-909E-75D9F53242BC}.Debug|x64.Build.0 = Debug|x64
		{D14B0291-CC63-4048-909E-75D9F53242BC}.Debug|x86.ActiveCfg = Debug|Win32
		{D14B0291-CC63-4048-909E-75D9F53242BC}.Debug|x86.Build.0 = Debug|Win32
		{D14B0291-CC63-4048-909E-75D9F53242BC}.Release|x64.ActiveCfg = Release|x64
		{D14B0291-CC63-4048-909E-75D9F53242BC}.Release|x64.Build.0 = Release|x64
		{D14B0291-CC63-4048-909E-75D9F53242BC}.Release|x86.ActiveCfg = Release|Win32
		{D14B0291-CC63-4048-909E-75D9F53242BC}.Release|x86.Build.0 = Release|Win32
	EndGlobalSection
	GlobalSection(SolutionProperties) = preSolution
		HideSolutionNode = FALSE
	EndGlobalSection
	GlobalSection(ExtensibilityGlobals) = postSolution
		SolutionGuid = {A53A8F9A-5F69-4EAC-9EF6-8207068DD69D}
	EndGlobalSection
EndGlobal
